
Microsoft Visual Studio Solution File, Format Version 12.00
# Visual Studio Version 17
VisualStudioVersion = 17.14.36705.20 d17.14
MinimumVisualStudioVersion = 10.0.40219.1
Project("{FAE04EC0-301F-11D3-BF4B-00C04F79EFBC}") = "ValidationsControls", "ValidationsControls.csproj", "{1C29E29B-B4B9-42EE-9F9B-08DC53B66B53}"
EndProject
Global
	GlobalSection(SolutionConfigurationPlatforms) = preSolution
		Debug|Any CPU = Debug|Any CPU
		Release|Any CPU = Release|Any CPU
	EndGlobalSection
	GlobalSection(ProjectConfigurationPlatforms) = postSolution
		{1C29E29B-B4B9-42EE-9F9B-08DC53B66B53}.Debug|Any CPU.ActiveCfg = Debug|Any CPU
		{1C29E29B-B4B9-42EE-9F9B-08DC53B66B53}.Debug|Any CPU.Build.0 = Debug|Any CPU
		{1C29E29B-B4B9-42EE-9F9B-08DC53B66B53}.Release|Any CPU.ActiveCfg = Release|Any CPU
		{1C29E29B-B4B9-42EE-9F9B-08DC53B66B53}.Release|Any CPU.Build.0 = Release|Any CPU
	EndGlobalSection
	GlobalSection(SolutionProperties) = preSolution
		HideSolutionNode = FALSE
	EndGlobalSection
	GlobalSection(ExtensibilityGlobals) = postSolution
		SolutionGuid = {7205E9B1-6C2D-4387-9849-F984C5ADB691}
	EndGlobalSection
EndGlobal
